
Microsoft Visual Studio Solution File, Format Version 12.00
# Visual Studio Version 17
VisualStudioVersion = 17.3.32901.215
MinimumVisualStudioVersion = 10.0.40219.1
Project("{FAE04EC0-301F-11D3-BF4B-00C04F79EFBC}") = "CustomTask", "CustomTask.csproj", "{EB12899F-97A8-4C91-A4CF-08307D604BAC}"
EndProject
Global
	GlobalSection(SolutionConfigurationPlatforms) = preSolution
		Debug|Any CPU = Debug|Any CPU
		Release|Any CPU = Release|Any CPU
	EndGlobalSection
	GlobalSection(ProjectConfigurationPlatforms) = postSolution
		{EB12899F-97A8-4C91-A4CF-08307D604BAC}.Debug|Any CPU.ActiveCfg = Debug|Any CPU
		{EB12899F-97A8-4C91-A4CF-08307D604BAC}.Debug|Any CPU.Build.0 = Debug|Any CPU
		{EB12899F-97A8-4C91-A4CF-08307D604BAC}.Release|Any CPU.ActiveCfg = Release|Any CPU
		{EB12899F-97A8-4C91-A4CF-08307D604BAC}.Release|Any CPU.Build.0 = Release|Any CPU
	EndGlobalSection
	GlobalSection(SolutionProperties) = preSolution
		HideSolutionNode = FALSE
	EndGlobalSection
	GlobalSection(ExtensibilityGlobals) = postSolution
		SolutionGuid = {CC6A680B-114F-4074-8177-CB77C4320D3C}
	EndGlobalSection
EndGlobal
